PODS:
  - JGProgressHUD (2.1)
  - SCLAlertView (0.8)

DEPENDENCIES:
  - JGProgressHUD
  - SCLAlertView

SPEC REPOS:
  trunk:
    - JGProgressHUD
    - SCLAlertView

SPEC CHECKSUMS:
  JGProgressHUD: aa403e9a5b45cae98903c4600cccdd98c0c3ec90
  SCLAlertView: 6a77bb2edfc65e04dbe57725546cb4107a506b85

PODFILE CHECKSUM: 94cdfee941f35a73eff0a6858b206e1564e6aa33

COCOAPODS: 1.8.4
